// !$*UTF8*$!
{
	archiveVersion = 1;
	classes = {
	};
	objectVersion = 50;
	objects = {

/* Begin PBXBuildFile section */
		3F231AB3C1A5F770953CA736 /* Pods_ExchangeRate.framework in Frameworks */ = {isa = PBXBuildFile; fileRef = 3471889E1A17A364CDB61A6E /* Pods_ExchangeRate.framework */; };
		6EF34C3A20A12E25002A4ED8 /* AppDelegate.swift in Sources */ = {isa = PBXBuildFile; fileRef = 6EF34C3920A12E25002A4ED8 /* AppDelegate.swift */; };
		6EF34C3F20A12E25002A4ED8 /* Main.storyboard in Resources */ = {isa = PBXBuildFile; fileRef = 6EF34C3D20A12E25002A4ED8 /* Main.storyboard */; };
		6EF34C4120A12E46002A4ED8 /* Assets.xcassets in Resources */ = {isa = PBXBuildFile; fileRef = 6EF34C4020A12E46002A4ED8 /* Assets.xcassets */; };
		6EF34C4420A12E46002A4ED8 /* LaunchScreen.storyboard in Resources */ = {isa = PBXBuildFile; fileRef = 6EF34C4220A12E46002A4ED8 /* LaunchScreen.storyboard */; };
		6EF34C5920A140F0002A4ED8 /* CurrencyCodeViewController.swift in Sources */ = {isa = PBXBuildFile; fileRef = 6EF34C5520A140F0002A4ED8 /* CurrencyCodeViewController.swift */; };
		6EF34C5A20A140F0002A4ED8 /* PriceTimeModel.swift in Sources */ = {isa = PBXBuildFile; fileRef = 6EF34C5620A140F0002A4ED8 /* PriceTimeModel.swift */; };
		6EF34C5B20A140F0002A4ED8 /* RmbquotModel.swift in Sources */ = {isa = PBXBuildFile; fileRef = 6EF34C5720A140F0002A4ED8 /* RmbquotModel.swift */; };
		6EF34C5E20A140FF002A4ED8 /* IndexViewController.swift in Sources */ = {isa = PBXBuildFile; fileRef = 6EF34C5C20A140FE002A4ED8 /* IndexViewController.swift */; };
		6EF34C5F20A140FF002A4ED8 /* CurrencyCodeModel.swift in Sources */ = {isa = PBXBuildFile; fileRef = 6EF34C5D20A140FE002A4ED8 /* CurrencyCodeModel.swift */; };
		6EF34C6220A14214002A4ED8 /* CurrencyCodeViewModel.swift in Sources */ = {isa = PBXBuildFile; fileRef = 6EF34C6120A14214002A4ED8 /* CurrencyCodeViewModel.swift */; };
		6EF34C6420A14227002A4ED8 /* ViewModel.swift in Sources */ = {isa = PBXBuildFile; fileRef = 6EF34C6320A14227002A4ED8 /* ViewModel.swift */; };
		6EF34C6620A14241002A4ED8 /* ViewController.swift in Sources */ = {isa = PBXBuildFile; fileRef = 6EF34C6520A14241002A4ED8 /* ViewController.swift */; };
		6EF34C6820A14261002A4ED8 /* Model.swift in Sources */ = {isa = PBXBuildFile; fileRef = 6EF34C6720A14261002A4ED8 /* Model.swift */; };
		6EF34C6A20A1427C002A4ED8 /* IdnexViewModelq.swift in Sources */ = {isa = PBXBuildFile; fileRef = 6EF34C6920A1427C002A4ED8 /* IdnexViewModelq.swift */; };
		6EF34C6E20A14344002A4ED8 /* APIServer.swift in Sources */ = {isa = PBXBuildFile; fileRef = 6EF34C6D20A14344002A4ED8 /* APIServer.swift */; };
/* End PBXBuildFile section */

/* Begin PBXFileReference section */
		3471889E1A17A364CDB61A6E /* Pods_ExchangeRate.framework */ = {isa = PBXFileReference; explicitFileType = wrapper.framework; includeInIndex = 0; path = Pods_ExchangeRate.framework; sourceTree = BUILT_PRODUCTS_DIR; };
		38BF7D5519AA7219C92D49A5 /* Pods-ExchangeRate.release.xcconfig */ = {isa = PBXFileReference; includeInIndex = 1; lastKnownFileType = text.xcconfig; name = "Pods-ExchangeRate.release.xcconfig"; path = "Pods/Target Support Files/Pods-ExchangeRate/Pods-ExchangeRate.release.xcconfig"; sourceTree = "<group>"; };
		6EF34C3620A12E25002A4ED8 /* ExchangeRate.app */ = {isa = PBXFileReference; explicitFileType = wrapper.application; includeInIndex = 0; path = ExchangeRate.app; sourceTree = BUILT_PRODUCTS_DIR; };
		6EF34C3920A12E25002A4ED8 /* AppDelegate.swift */ = {isa = PBXFileReference; lastKnownFileType = sourcecode.swift; path = AppDelegate.swift; sourceTree = "<group>"; };
		6EF34C3E20A12E25002A4ED8 /* Base */ = {isa = PBXFileReference; lastKnownFileType = file.storyboard; name = Base; path = Base.lproj/Main.storyboard; sourceTree = "<group>"; };
		6EF34C4020A12E46002A4ED8 /* Assets.xcassets */ = {isa = PBXFileReference; lastKnownFileType = folder.assetcatalog; path = Assets.xcassets; sourceTree = "<group>"; };
		6EF34C4320A12E46002A4ED8 /* Base */ = {isa = PBXFileReference; lastKnownFileType = file.storyboard; name = Base; path = Base.lproj/LaunchScreen.storyboard; sourceTree = "<group>"; };
		6EF34C4520A12E46002A4ED8 /* Info.plist */ = {isa = PBXFileReference; lastKnownFileType = text.plist.xml; path = Info.plist; sourceTree = "<group>"; };
		6EF34C5520A140F0002A4ED8 /* CurrencyCodeViewController.swift */ = {isa = PBXFileReference; fileEncoding = 4; lastKnownFileType = sourcecode.swift; path = CurrencyCodeViewController.swift; sourceTree = "<group>"; };
		6EF34C5620A140F0002A4ED8 /* PriceTimeModel.swift */ = {isa = PBXFileReference; fileEncoding = 4; lastKnownFileType = sourcecode.swift; path = PriceTimeModel.swift; sourceTree = "<group>"; };
		6EF34C5720A140F0002A4ED8 /* RmbquotModel.swift */ = {isa = PBXFileReference; fileEncoding = 4; lastKnownFileType = sourcecode.swift; path = RmbquotModel.swift; sourceTree = "<group>"; };
		6EF34C5C20A140FE002A4ED8 /* IndexViewController.swift */ = {isa = PBXFileReference; fileEncoding = 4; lastKnownFileType = sourcecode.swift; path = IndexViewController.swift; sourceTree = "<group>"; };
		6EF34C5D20A140FE002A4ED8 /* CurrencyCodeModel.swift */ = {isa = PBXFileReference; fileEncoding = 4; lastKnownFileType = sourcecode.swift; path = CurrencyCodeModel.swift; sourceTree = "<group>"; };
		6EF34C6020A1411C002A4ED8 /* PrefixHeader.pch */ = {isa = PBXFileReference; lastKnownFileType = sourcecode.c.h; path = PrefixHeader.pch; sourceTree = "<group>"; };
		6EF34C6120A14214002A4ED8 /* CurrencyCodeViewModel.swift */ = {isa = PBXFileReference; lastKnownFileType = sourcecode.swift; path = CurrencyCodeViewModel.swift; sourceTree = "<group>"; };
		6EF34C6320A14227002A4ED8 /* ViewModel.swift */ = {isa = PBXFileReference; lastKnownFileType = sourcecode.swift; path = ViewModel.swift; sourceTree = "<group>"; };
		6EF34C6520A14241002A4ED8 /* ViewController.swift */ = {isa = PBXFileReference; lastKnownFileType = sourcecode.swift; path = ViewController.swift; sourceTree = "<group>"; };
		6EF34C6720A14261002A4ED8 /* Model.swift */ = {isa = PBXFileReference; lastKnownFileType = sourcecode.swift; path = Model.swift; sourceTree = "<group>"; };
		6EF34C6920A1427C002A4ED8 /* IdnexViewModelq.swift */ = {isa = PBXFileReference; lastKnownFileType = sourcecode.swift; path = IdnexViewModelq.swift; sourceTree = "<group>"; };
		6EF34C6D20A14344002A4ED8 /* APIServer.swift */ = {isa = PBXFileReference; lastKnownFileType = sourcecode.swift; path = APIServer.swift; sourceTree = "<group>"; };
		8BC355558C740108E62E4B68 /* Pods-ExchangeRate.debug.xcconfig */ = {isa = PBXFileReference; includeInIndex = 1; lastKnownFileType = text.xcconfig; name = "Pods-ExchangeRate.debug.xcconfig"; path = "Pods/Target Support Files/Pods-ExchangeRate/Pods-ExchangeRate.debug.xcconfig"; sourceTree = "<group>"; };
/* End PBXFileReference section */

/* Begin PBXFrameworksBuildPhase section */
		6EF34C3320A12E25002A4ED8 /* Frameworks */ = {
			isa = PBXFrameworksBuildPhase;
			buildActionMask = 2147483647;
			files = (
				3F231AB3C1A5F770953CA736 /* Pods_ExchangeRate.framework in Frameworks */,
			);
			runOnlyForDeploymentPostprocessing = 0;
		};
/* End PBXFrameworksBuildPhase section */

/* Begin PBXGroup section */
		6EF34C2D20A12E25002A4ED8 = {
			isa = PBXGroup;
			children = (
				6EF34C3820A12E25002A4ED8 /* ExchangeRate */,
				6EF34C3720A12E25002A4ED8 /* Products */,
				A0F8CD6FF7777F134EBD9230 /* Pods */,
				E53EDE0A221B6F5B70199284 /* Frameworks */,
			);
			sourceTree = "<group>";
		};
		6EF34C3720A12E25002A4ED8 /* Products */ = {
			isa = PBXGroup;
			children = (
				6EF34C3620A12E25002A4ED8 /* ExchangeRate.app */,
			);
			name = Products;
			sourceTree = "<group>";
		};
		6EF34C3820A12E25002A4ED8 /* ExchangeRate */ = {
			isa = PBXGroup;
			children = (
				6EF34C6B20A14322002A4ED8 /* Tool */,
				6EF34C5320A140A4002A4ED8 /* AppDelegate */,
				6EF34C4D20A1408C002A4ED8 /* Class */,
				6EF34C3D20A12E25002A4ED8 /* Main.storyboard */,
				6EF34C6020A1411C002A4ED8 /* PrefixHeader.pch */,
				6EF34C4020A12E46002A4ED8 /* Assets.xcassets */,
				6EF34C4220A12E46002A4ED8 /* LaunchScreen.storyboard */,
				6EF34C4520A12E46002A4ED8 /* Info.plist */,
			);
			path = ExchangeRate;
			sourceTree = "<group>";
		};
		6EF34C4D20A1408C002A4ED8 /* Class */ = {
			isa = PBXGroup;
			children = (
				6EF34C5220A1408C002A4ED8 /* Base */,
				6EF34C4E20A1408C002A4ED8 /* ViewModel */,
				6EF34C4F20A1408C002A4ED8 /* Model */,
				6EF34C5020A1408C002A4ED8 /* View */,
				6EF34C5120A1408C002A4ED8 /* ViewController */,
			);
			path = Class;
			sourceTree = "<group>";
		};
		6EF34C4E20A1408C002A4ED8 /* ViewModel */ = {
			isa = PBXGroup;
			children = (
				6EF34C6120A14214002A4ED8 /* CurrencyCodeViewModel.swift */,
				6EF34C6920A1427C002A4ED8 /* IdnexViewModelq.swift */,
			);
			path = ViewModel;
			sourceTree = "<group>";
		};
		6EF34C4F20A1408C002A4ED8 /* Model */ = {
			isa = PBXGroup;
			children = (
				6EF34C5D20A140FE002A4ED8 /* CurrencyCodeModel.swift */,
				6EF34C5620A140F0002A4ED8 /* PriceTimeModel.swift */,
				6EF34C5720A140F0002A4ED8 /* RmbquotModel.swift */,
			);
			path = Model;
			sourceTree = "<group>";
		};
		6EF34C5020A1408C002A4ED8 /* View */ = {
			isa = PBXGroup;
			children = (
			);
			path = View;
			sourceTree = "<group>";
		};
		6EF34C5120A1408C002A4ED8 /* ViewController */ = {
			isa = PBXGroup;
			children = (
				6EF34C5C20A140FE002A4ED8 /* IndexViewController.swift */,
				6EF34C5520A140F0002A4ED8 /* CurrencyCodeViewController.swift */,
			);
			path = ViewController;
			sourceTree = "<group>";
		};
		6EF34C5220A1408C002A4ED8 /* Base */ = {
			isa = PBXGroup;
			children = (
				6EF34C6320A14227002A4ED8 /* ViewModel.swift */,
				6EF34C6520A14241002A4ED8 /* ViewController.swift */,
				6EF34C6720A14261002A4ED8 /* Model.swift */,
			);
			path = Base;
			sourceTree = "<group>";
		};
		6EF34C5320A140A4002A4ED8 /* AppDelegate */ = {
			isa = PBXGroup;
			children = (
				6EF34C3920A12E25002A4ED8 /* AppDelegate.swift */,
			);
			path = AppDelegate;
			sourceTree = SOURCE_ROOT;
		};
		6EF34C6B20A14322002A4ED8 /* Tool */ = {
			isa = PBXGroup;
			children = (
				6EF34C6C20A14322002A4ED8 /* Network */,
			);
			path = Tool;
			sourceTree = SOURCE_ROOT;
		};
		6EF34C6C20A14322002A4ED8 /* Network */ = {
			isa = PBXGroup;
			children = (
				6EF34C6D20A14344002A4ED8 /* APIServer.swift */,
			);
			path = Network;
			sourceTree = "<group>";
		};
		A0F8CD6FF7777F134EBD9230 /* Pods */ = {
			isa = PBXGroup;
			children = (
				8BC355558C740108E62E4B68 /* Pods-ExchangeRate.debug.xcconfig */,
				38BF7D5519AA7219C92D49A5 /* Pods-ExchangeRate.release.xcconfig */,
			);
			name = Pods;
			sourceTree = "<group>";
		};
		E53EDE0A221B6F5B70199284 /* Frameworks */ = {
			isa = PBXGroup;
			children = (
				3471889E1A17A364CDB61A6E /* Pods_ExchangeRate.framework */,
			);
			name = Frameworks;
			sourceTree = "<group>";
		};
/* End PBXGroup section */

/* Begin PBXNativeTarget section */
		6EF34C3520A12E25002A4ED8 /* ExchangeRate */ = {
			isa = PBXNativeTarget;
			buildConfigurationList = 6EF34C4820A12E46002A4ED8 /* Build configuration list for PBXNativeTarget "ExchangeRate" */;
			buildPhases = (
				750C516C8C735616DD535FA0 /* [CP] Check Pods Manifest.lock */,
				6EF34C3220A12E25002A4ED8 /* Sources */,
				6EF34C3320A12E25002A4ED8 /* Frameworks */,
				6EF34C3420A12E25002A4ED8 /* Resources */,
				73D291100856C89307E1A90A /* [CP] Embed Pods Frameworks */,
			);
			buildRules = (
			);
			dependencies = (
			);
			name = ExchangeRate;
			productName = ExchangeRate;
			productReference = 6EF34C3620A12E25002A4ED8 /* ExchangeRate.app */;
			productType = "com.apple.product-type.application";
		};
/* End PBXNativeTarget section */

/* Begin PBXProject section */
		6EF34C2E20A12E25002A4ED8 /* Project object */ = {
			isa = PBXProject;
			attributes = {
				LastSwiftUpdateCheck = 0930;
				LastUpgradeCheck = 0930;
				ORGANIZATIONNAME = yuling;
				TargetAttributes = {
					6EF34C3520A12E25002A4ED8 = {
						CreatedOnToolsVersion = 9.3;
					};
				};
			};
			buildConfigurationList = 6EF34C3120A12E25002A4ED8 /* Build configuration list for PBXProject "ExchangeRate" */;
			compatibilityVersion = "Xcode 9.3";
			developmentRegion = en;
			hasScannedForEncodings = 0;
			knownRegions = (
				en,
				Base,
			);
			mainGroup = 6EF34C2D20A12E25002A4ED8;
			productRefGroup = 6EF34C3720A12E25002A4ED8 /* Products */;
			projectDirPath = "";
			projectRoot = "";
			targets = (
				6EF34C3520A12E25002A4ED8 /* ExchangeRate */,
			);
		};
/* End PBXProject section */

/* Begin PBXResourcesBuildPhase section */
		6EF34C3420A12E25002A4ED8 /* Resources */ = {
			isa = PBXResourcesBuildPhase;
			buildActionMask = 2147483647;
			files = (
				6EF34C4420A12E46002A4ED8 /* LaunchScreen.storyboard in Resources */,
				6EF34C4120A12E46002A4ED8 /* Assets.xcassets in Resources */,
				6EF34C3F20A12E25002A4ED8 /* Main.storyboard in Resources */,
			);
			runOnlyForDeploymentPostprocessing = 0;
		};
/* End PBXResourcesBuildPhase section */

/* Begin PBXShellScriptBuildPhase section */
		73D291100856C89307E1A90A /* [CP] Embed Pods Frameworks */ = {
			isa = PBXShellScriptBuildPhase;
			buildActionMask = 2147483647;
			files = (
			);
			inputPaths = (
				"${SRCROOT}/Pods/Target Support Files/Pods-ExchangeRate/Pods-ExchangeRate-frameworks.sh",
				"${BUILT_PRODUCTS_DIR}/Alamofire/Alamofire.framework",
				"${BUILT_PRODUCTS_DIR}/Moya/Moya.framework",
				"${BUILT_PRODUCTS_DIR}/ObjectMapper/ObjectMapper.framework",
				"${BUILT_PRODUCTS_DIR}/Result/Result.framework",
				"${BUILT_PRODUCTS_DIR}/RxSwift/RxSwift.framework",
			);
			name = "[CP] Embed Pods Frameworks";
			outputPaths = (
				"${TARGET_BUILD_DIR}/${FRAMEWORKS_FOLDER_PATH}/Alamofire.framework",
				"${TARGET_BUILD_DIR}/${FRAMEWORKS_FOLDER_PATH}/Moya.framework",
				"${TARGET_BUILD_DIR}/${FRAMEWORKS_FOLDER_PATH}/ObjectMapper.framework",
				"${TARGET_BUILD_DIR}/${FRAMEWORKS_FOLDER_PATH}/Result.framework",
				"${TARGET_BUILD_DIR}/${FRAMEWORKS_FOLDER_PATH}/RxSwift.framework",
			);
			runOnlyForDeploymentPostprocessing = 0;
			shellPath = /bin/sh;
			shellScript = "\"${SRCROOT}/Pods/Target Support Files/Pods-ExchangeRate/Pods-ExchangeRate-frameworks.sh\"\n";
			showEnvVarsInLog = 0;
		};
		750C516C8C735616DD535FA0 /* [CP] Check Pods Manifest.lock */ = {
			isa = PBXShellScriptBuildPhase;
			buildActionMask = 2147483647;
			files = (
			);
			inputPaths = (
				"${PODS_PODFILE_DIR_PATH}/Podfile.lock",
				"${PODS_ROOT}/Manifest.lock",
			);
			name = "[CP] Check Pods Manifest.lock";
			outputPaths = (
				"$(DERIVED_FILE_DIR)/Pods-ExchangeRate-checkManifestLockResult.txt",
			);
			runOnlyForDeploymentPostprocessing = 0;
			shellPath = /bin/sh;
			shellScript = "diff \"${PODS_PODFILE_DIR_PATH}/Podfile.lock\" \"${PODS_ROOT}/Manifest.lock\" > /dev/null\nif [ $? != 0 ] ; then\n    # print error to STDERR\n    echo \"error: The sandbox is not in sync with the Podfile.lock. Run 'pod install' or update your CocoaPods installation.\" >&2\n    exit 1\nfi\n# This output is used by Xcode 'outputs' to avoid re-running this script phase.\necho \"SUCCESS\" > \"${SCRIPT_OUTPUT_FILE_0}\"\n";
			showEnvVarsInLog = 0;
		};
/* End PBXShellScriptBuildPhase section */

/* Begin PBXSourcesBuildPhase section */
		6EF34C3220A12E25002A4ED8 /* Sources */ = {
			isa = PBXSourcesBuildPhase;
			buildActionMask = 2147483647;
			files = (
				6EF34C6E20A14344002A4ED8 /* APIServer.swift in Sources */,
				6EF34C6620A14241002A4ED8 /* ViewController.swift in Sources */,
				6EF34C6220A14214002A4ED8 /* CurrencyCodeViewModel.swift in Sources */,
				6EF34C6420A14227002A4ED8 /* ViewModel.swift in Sources */,
				6EF34C5B20A140F0002A4ED8 /* RmbquotModel.swift in Sources */,
				6EF34C5F20A140FF002A4ED8 /* CurrencyCodeModel.swift in Sources */,
				6EF34C6820A14261002A4ED8 /* Model.swift in Sources */,
				6EF34C6A20A1427C002A4ED8 /* IdnexViewModelq.swift in Sources */,
				6EF34C5920A140F0002A4ED8 /* CurrencyCodeViewController.swift in Sources */,
				6EF34C5A20A140F0002A4ED8 /* PriceTimeModel.swift in Sources */,
				6EF34C5E20A140FF002A4ED8 /* IndexViewController.swift in Sources */,
				6EF34C3A20A12E25002A4ED8 /* AppDelegate.swift in Sources */,
			);
			runOnlyForDeploymentPostprocessing = 0;
		};
/* End PBXSourcesBuildPhase section */

/* Begin PBXVariantGroup section */
		6EF34C3D20A12E25002A4ED8 /* Main.storyboard */ = {
			isa = PBXVariantGroup;
			children = (
				6EF34C3E20A12E25002A4ED8 /* Base */,
			);
			name = Main.storyboard;
			sourceTree = "<group>";
		};
		6EF34C4220A12E46002A4ED8 /* LaunchScreen.storyboard */ = {
			isa = PBXVariantGroup;
			children = (
				6EF34C4320A12E46002A4ED8 /* Base */,
			);
			name = LaunchScreen.storyboard;
			sourceTree = "<group>";
		};
/* End PBXVariantGroup section */

/* Begin XCBuildConfiguration section */
		6EF34C4620A12E46002A4ED8 /* Debug */ = {
			isa = XCBuildConfiguration;
			buildSettings = {
				ALWAYS_SEARCH_USER_PATHS = NO;
				CLANG_ANALYZER_NONNULL = YES;
				CLANG_ANALYZER_NUMBER_OBJECT_CONVERSION = YES_AGGRESSIVE;
				CLANG_CXX_LANGUAGE_STANDARD = "gnu++14";
				CLANG_CXX_LIBRARY = "libc++";
				CLANG_ENABLE_MODULES = YES;
				CLANG_ENABLE_OBJC_ARC = YES;
				CLANG_ENABLE_OBJC_WEAK = YES;
				CLANG_WARN_BLOCK_CAPTURE_AUTORELEASING = YES;
				CLANG_WARN_BOOL_CONVERSION = YES;
				CLANG_WARN_COMMA = YES;
				CLANG_WARN_CONSTANT_CONVERSION = YES;
				CLANG_WARN_DEPRECATED_OBJC_IMPLEMENTATIONS = YES;
				CLANG_WARN_DIRECT_OBJC_ISA_USAGE = YES_ERROR;
				CLANG_WARN_DOCUMENTATION_COMMENTS = YES;
				CLANG_WARN_EMPTY_BODY = YES;
				CLANG_WARN_ENUM_CONVERSION = YES;
				CLANG_WARN_INFINITE_RECURSION = YES;
				CLANG_WARN_INT_CONVERSION = YES;
				CLANG_WARN_NON_LITERAL_NULL_CONVERSION = YES;
				CLANG_WARN_OBJC_IMPLICIT_RETAIN_SELF = YES;
				CLANG_WARN_OBJC_LITERAL_CONVERSION = YES;
				CLANG_WARN_OBJC_ROOT_CLASS = YES_ERROR;
				CLANG_WARN_RANGE_LOOP_ANALYSIS = YES;
				CLANG_WARN_STRICT_PROTOTYPES = YES;
				CLANG_WARN_SUSPICIOUS_MOVE = YES;
				CLANG_WARN_UNGUARDED_AVAILABILITY = YES_AGGRESSIVE;
				CLANG_WARN_UNREACHABLE_CODE = YES;
				CLANG_WARN__DUPLICATE_METHOD_MATCH = YES;
				CODE_SIGN_IDENTITY = "iPhone Developer";
				COPY_PHASE_STRIP = NO;
				DEBUG_INFORMATION_FORMAT = dwarf;
				ENABLE_STRICT_OBJC_MSGSEND = YES;
				ENABLE_TESTABILITY = YES;
				GCC_C_LANGUAGE_STANDARD = gnu11;
				GCC_DYNAMIC_NO_PIC = NO;
				GCC_NO_COMMON_BLOCKS = YES;
				GCC_OPTIMIZATION_LEVEL = 0;
				GCC_PREPROCESSOR_DEFINITIONS = (
					"DEBUG=1",
					"$(inherited)",
				);
				GCC_WARN_64_TO_32_BIT_CONVERSION = YES;
				GCC_WARN_ABOUT_RETURN_TYPE = YES_ERROR;
				GCC_WARN_UNDECLARED_SELECTOR = YES;
				GCC_WARN_UNINITIALIZED_AUTOS = YES_AGGRESSIVE;
				GCC_WARN_UNUSED_FUNCTION = YES;
				GCC_WARN_UNUSED_VARIABLE = YES;
				IPHONEOS_DEPLOYMENT_TARGET = 10.0;
				MTL_ENABLE_DEBUG_INFO = YES;
				ONLY_ACTIVE_ARCH = YES;
				SDKROOT = iphoneos;
				SWIFT_ACTIVE_COMPILATION_CONDITIONS = DEBUG;
				SWIFT_OPTIMIZATION_LEVEL = "-Onone";
			};
			name = Debug;
		};
		6EF34C4720A12E46002A4ED8 /* Release */ = {
			isa = XCBuildConfiguration;
			buildSettings = {
				ALWAYS_SEARCH_USER_PATHS = NO;
				CLANG_ANALYZER_NONNULL = YES;
				CLANG_ANALYZER_NUMBER_OBJECT_CONVERSION = YES_AGGRESSIVE;
				CLANG_CXX_LANGUAGE_STANDARD = "gnu++14";
				CLANG_CXX_LIBRARY = "libc++";
				CLANG_ENABLE_MODULES = YES;
				CLANG_ENABLE_OBJC_ARC = YES;
				CLANG_ENABLE_OBJC_WEAK = YES;
				CLANG_WARN_BLOCK_CAPTURE_AUTORELEASING = YES;
				CLANG_WARN_BOOL_CONVERSION = YES;
				CLANG_WARN_COMMA = YES;
				CLANG_WARN_CONSTANT_CONVERSION = YES;
				CLANG_WARN_DEPRECATED_OBJC_IMPLEMENTATIONS = YES;
				CLANG_WARN_DIRECT_OBJC_ISA_USAGE = YES_ERROR;
				CLANG_WARN_DOCUMENTATION_COMMENTS = YES;
				CLANG_WARN_EMPTY_BODY = YES;
				CLANG_WARN_ENUM_CONVERSION = YES;
				CLANG_WARN_INFINITE_RECURSION = YES;
				CLANG_WARN_INT_CONVERSION = YES;
				CLANG_WARN_NON_LITERAL_NULL_CONVERSION = YES;
				CLANG_WARN_OBJC_IMPLICIT_RETAIN_SELF = YES;
				CLANG_WARN_OBJC_LITERAL_CONVERSION = YES;
				CLANG_WARN_OBJC_ROOT_CLASS = YES_ERROR;
				CLANG_WARN_RANGE_LOOP_ANALYSIS = YES;
				CLANG_WARN_STRICT_PROTOTYPES = YES;
				CLANG_WARN_SUSPICIOUS_MOVE = YES;
				CLANG_WARN_UNGUARDED_AVAILABILITY = YES_AGGRESSIVE;
				CLANG_WARN_UNREACHABLE_CODE = YES;
				CLANG_WARN__DUPLICATE_METHOD_MATCH = YES;
				CODE_SIGN_IDENTITY = "iPhone Developer";
				COPY_PHASE_STRIP = NO;
				DEBUG_INFORMATION_FORMAT = "dwarf-with-dsym";
				ENABLE_NS_ASSERTIONS = NO;
				ENABLE_STRICT_OBJC_MSGSEND = YES;
				GCC_C_LANGUAGE_STANDARD = gnu11;
				GCC_NO_COMMON_BLOCKS = YES;
				GCC_OPTIMIZATION_LEVEL = s;
				GCC_WARN_64_TO_32_BIT_CONVERSION = YES;
				GCC_WARN_ABOUT_RETURN_TYPE = YES_ERROR;
				GCC_WARN_UNDECLARED_SELECTOR = YES;
				GCC_WARN_UNINITIALIZED_AUTOS = YES_AGGRESSIVE;
				GCC_WARN_UNUSED_FUNCTION = YES;
				GCC_WARN_UNUSED_VARIABLE = YES;
				IPHONEOS_DEPLOYMENT_TARGET = 10.0;
				MTL_ENABLE_DEBUG_INFO = NO;
				SDKROOT = iphoneos;
				SWIFT_COMPILATION_MODE = wholemodule;
				SWIFT_OPTIMIZATION_LEVEL = "-O";
				VALIDATE_PRODUCT = YES;
			};
			name = Release;
		};
		6EF34C4920A12E46002A4ED8 /* Debug */ = {
			isa = XCBuildConfiguration;
			baseConfigurationReference = 8BC355558C740108E62E4B68 /* Pods-ExchangeRate.debug.xcconfig */;
			buildSettings = {
				ASSETCATALOG_COMPILER_APPICON_NAME = AppIcon;
				CODE_SIGN_STYLE = Manual;
				DEVELOPMENT_TEAM = "";
				INFOPLIST_FILE = ExchangeRate/Info.plist;
				LD_RUNPATH_SEARCH_PATHS = "$(inherited) @executable_path/Frameworks";
				PRODUCT_BUNDLE_IDENTIFIER = yuling.ExchangeRate;
				PRODUCT_NAME = "$(TARGET_NAME)";
				PROVISIONING_PROFILE_SPECIFIER = "";
				SWIFT_VERSION = 4.0;
				TARGETED_DEVICE_FAMILY = "1,2";
			};
			name = Debug;
		};
		6EF34C4A20A12E46002A4ED8 /* Release */ = {
			isa = XCBuildConfiguration;
			baseConfigurationReference = 38BF7D5519AA7219C92D49A5 /* Pods-ExchangeRate.release.xcconfig */;
			buildSettings = {
				ASSETCATALOG_COMPILER_APPICON_NAME = AppIcon;
				CODE_SIGN_STYLE = Manual;
				DEVELOPMENT_TEAM = "";
				INFOPLIST_FILE = ExchangeRate/Info.plist;
				LD_RUNPATH_SEARCH_PATHS = "$(inherited) @executable_path/Frameworks";
				PRODUCT_BUNDLE_IDENTIFIER = yuling.ExchangeRate;
				PRODUCT_NAME = "$(TARGET_NAME)";
				PROVISIONING_PROFILE_SPECIFIER = "";
				SWIFT_VERSION = 4.0;
				TARGETED_DEVICE_FAMILY = "1,2";
			};
			name = Release;
		};
/* End XCBuildConfiguration section */

/* Begin XCConfigurationList section */
		6EF34C3120A12E25002A4ED8 /* Build configuration list for PBXProject "ExchangeRate" */ = {
			isa = XCConfigurationList;
			buildConfigurations = (
				6EF34C4620A12E46002A4ED8 /* Debug */,
				6EF34C4720A12E46002A4ED8 /* Release */,
			);
			defaultConfigurationIsVisible = 0;
			defaultConfigurationName = Release;
		};
		6EF34C4820A12E46002A4ED8 /* Build configuration list for PBXNativeTarget "ExchangeRate" */ = {
			isa = XCConfigurationList;
			buildConfigurations = (
				6EF34C4920A12E46002A4ED8 /* Debug */,
				6EF34C4A20A12E46002A4ED8 /* Release */,
			);
			defaultConfigurationIsVisible = 0;
			defaultConfigurationName = Release;
		};
/* End XCConfigurationList section */
	};
	rootObject = 6EF34C2E20A12E25002A4ED8 /* Project object */;
}
