<?xml version="1.0" encoding="UTF-8"?>
<Scheme
   version = "1.3">
   <BuildAction>
      <BuildActionEntries>
         <BuildActionEntry
            buildForRunning = "YES">
            <BuildableReference
               BuildableIdentifier = "primary"
               BlueprintIdentifier = "6EF34C3520A12E25002A4ED8"
               BuildableName = "ExchangeRate.app"
               BlueprintName = "ExchangeRate"
               ReferencedContainer = "container:ExchangeRate.xcodeproj">
            </BuildableReference>
         </BuildActionEntry>
      </BuildActionEntries>
   </BuildAction>
   <LaunchAction
      useCustomWorkingDirectory = "NO"
      buildConfiguration = "Debug"
      allowLocationSimulation = "YES">
      <BuildableProductRunnable>
         <BuildableReference
            BuildableIdentifier = "primary"
            BlueprintIdentifier = "6EF34C3520A12E25002A4ED8"
            BuildableName = "ExchangeRate.app"
            BlueprintName = "ExchangeRate"
            ReferencedContainer = "container:ExchangeRate.xcodeproj">
         </BuildableReference>
      </BuildableProductRunnable>
   </LaunchAction>
</Scheme>
